
Microsoft Visual Studio Solution File, Format Version 12.00
# Visual Studio Version 17
VisualStudioVersion = 17.11.35431.28
MinimumVisualStudioVersion = 10.0.40219.1
Project("{FAE04EC0-301F-11D3-BF4B-00C04F79EFBC}") = "WebView2WpfCompositionControl", "WebView2WpfCompositionControl\WebView2WpfCompositionControl.csproj", "{B4C22133-B97C-4593-AB64-BE1694A0EC21}"
EndProject
Global
	GlobalSection(SolutionConfigurationPlatforms) = preSolution
		Debug|Any CPU = Debug|Any CPU
		Release|Any CPU = Release|Any CPU
	EndGlobalSection
	GlobalSection(ProjectConfigurationPlatforms) = postSolution
		{B4C22133-B97C-4593-AB64-BE1694A0EC21}.Debug|Any CPU.ActiveCfg = Debug|Any CPU
		{B4C22133-B97C-4593-AB64-BE1694A0EC21}.Debug|Any CPU.Build.0 = Debug|Any CPU
		{B4C22133-B97C-4593-AB64-BE1694A0EC21}.Release|Any CPU.ActiveCfg = Release|Any CPU
		{B4C22133-B97C-4593-AB64-BE1694A0EC21}.Release|Any CPU.Build.0 = Release|Any CPU
	EndGlobalSection
	GlobalSection(SolutionProperties) = preSolution
		HideSolutionNode = FALSE
	EndGlobalSection
	GlobalSection(ExtensibilityGlobals) = postSolution
		SolutionGuid = {0E35B434-5EE7-4941-835D-0E7BD2B4D824}
	EndGlobalSection
EndGlobal
