<?xml version="1.0" encoding="utf-8"?>
<Project ToolsVersion="4.0" xmlns="http://schemas.microsoft.com/developer/msbuild/2003">
  <ItemGroup>
    <Filter Include="Source Files">
      <UniqueIdentifier>{4FC737F1-C7A5-4376-A066-2A32D752A2FF}</UniqueIdentifier>
      <Extensions>cpp;c;cc;cxx;def;odl;idl;hpj;bat;asm;asmx</Extensions>
    </Filter>
    <Filter Include="Header Files">
      <UniqueIdentifier>{93995380-89BD-4b04-88EB-625FBE52EBFB}</UniqueIdentifier>
      <Extensions>h;hh;hpp;hxx;hm;inl;inc;xsd</Extensions>
    </Filter>
    <Filter Include="Resource Files">
      <UniqueIdentifier>{67DA6AB6-F800-4c08-8B7A-83BB121AAD01}</UniqueIdentifier>
      <Extensions>rc;ico;cur;bmp;dlg;rc2;rct;bin;rgs;gif;jpg;jpeg;jpe;resx;tiff;tif;png;wav</Extensions>
    </Filter>
    <Filter Include="assets">
      <UniqueIdentifier>{83ecc4d0-229e-46e9-9d96-6a1aa28be262}</UniqueIdentifier>
    </Filter>
  </ItemGroup>
  <ItemGroup>
    <ClCompile Include="App.cpp">
      <Filter>Source Files</Filter>
    </ClCompile>
    <ClCompile Include="AppWindow.cpp">
      <Filter>Source Files</Filter>
    </ClCompile>
    <ClCompile Include="CheckFailure.cpp">
      <Filter>Source Files</Filter>
    </ClCompile>
    <ClCompile Include="ScenarioWebMessage.cpp">
      <Filter>Source Files</Filter>
    </ClCompile>
    <ClCompile Include="stdafx.cpp">
      <Filter>Source Files</Filter>
    </ClCompile>
    <ClCompile Include="TextInputDialog.cpp">
      <Filter>Source Files</Filter>
    </ClCompile>
    <ClCompile Include="ControlComponent.cpp">
      <Filter>Source Files</Filter>
    </ClCompile>
    <ClCompile Include="FileComponent.cpp">
      <Filter>Source Files</Filter>
    </ClCompile>
    <ClCompile Include="ProcessComponent.cpp">
      <Filter>Source Files</Filter>
    </ClCompile>
    <ClCompile Include="ScenarioAddHostObject.cpp">
      <Filter>Source Files</Filter>
    </ClCompile>
    <ClCompile Include="ScriptComponent.cpp">
      <Filter>Source Files</Filter>
    </ClCompile>
    <ClCompile Include="SettingsComponent.cpp">
      <Filter>Source Files</Filter>
    </ClCompile>
    <ClCompile Include="Toolbar.cpp">
      <Filter>Source Files</Filter>
    </ClCompile>
    <ClCompile Include="ViewComponent.cpp">
      <Filter>Source Files</Filter>
    </ClCompile>
    <ClCompile Include="ScenarioWebViewEventMonitor.cpp">
      <Filter>Source Files</Filter>
    </ClCompile>
    <ClCompile Include="HostObjectSampleImpl.cpp">
      <Filter>Source Files</Filter>
    </ClCompile>
    <ClCompile Include="DpiUtil.cpp">
      <Filter>Source Files</Filter>
    </ClCompile>
    <ClCompile Include="ScenarioAuthentication.cpp">
      <Filter>Source Files</Filter>
    </ClCompile>
    <ClCompile Include="DCompTargetImpl.cpp">
      <Filter>Source Files</Filter>
    </ClCompile>
    <ClCompile Include="AppStartPage.cpp">
      <Filter>Source Files</Filter>
    </ClCompile>
    <ClCompile Include="DropTarget.cpp">
      <Filter>Source Files</Filter>
    </ClCompile>
    <ClCompile Include="ScenarioCookieManagement.cpp">
      <Filter>Source Files</Filter>
    </ClCompile>
    <ClCompile Include="ScenarioDOMContentLoaded.cpp">
      <Filter>Source Files</Filter>
    </ClCompile>
    <ClCompile Include="ScenarioNavigateWithWebResourceRequest.cpp">
      <Filter>Source Files</Filter>
    </ClCompile>
    <ClCompile Include="ScenarioCustomDownloadExperience.cpp">
      <Filter>Source Files</Filter>
    </ClCompile>
    <ClCompile Include="ScenarioClientCertificateRequested.cpp">
      <Filter>Source Files</Filter>
    </ClCompile>
    <ClCompile Include="ClientCertificateSelectionDialog.cpp">
      <Filter>Source Files</Filter>
    </ClCompile>
    <ClCompile Include="ScenarioVirtualHostMappingForSW.cpp">
      <Filter>Source Files</Filter>
    </ClCompile>
    <ClCompile Include="ScenarioVirtualHostMappingForPopUpWindow.cpp">
      <Filter>Source Files</Filter>
    </ClCompile>
    <ClCompile Include="AudioComponent.cpp">
      <Filter>Source Files</Filter>
    </ClCompile>
    <ClCompile Include="ScenarioIFrameDevicePermission.cpp">
      <Filter>Source Files</Filter>
    </ClCompile>
    <ClCompile Include="CustomStatusBar.cpp">
      <Filter>Source Files</Filter>
    </ClCompile>
    <ClCompile Include="PermissionDialog.cpp">
      <Filter>Source Files</Filter>
    </ClCompile>
    <ClCompile Include="ScenarioCustomScheme.cpp">
      <Filter>Source Files</Filter>
    </ClCompile>
    <ClCompile Include="ScenarioCustomSchemeNavigate.cpp">
      <Filter>Source Files</Filter>
    </ClCompile>
    <ClCompile Include="ScenarioDragDrop.cpp">
      <Filter>Source Files</Filter>
    </ClCompile>
    <ClCompile Include="ScenarioExtensionsManagement.cpp">
      <Filter>Source Files</Filter>
    </ClCompile>
    <ClCompile Include="ScenarioPermissionManagement.cpp">
      <Filter>Source Files</Filter>
    </ClCompile>
    <ClCompile Include="ScenarioSharedBuffer.cpp">
      <Filter>Source Files</Filter>
    </ClCompile>
    <ClCompile Include="ScenarioSharedWorkerWRR.cpp">
      <Filter>Source Files</Filter>
    </ClCompile>
    <ClCompile Include="DiscardsComponent.cpp">
      <Filter>Source Files</Filter>
    </ClCompile>
    <ClCompile Include="ScenarioAcceleratorKeyPressed.cpp">
      <Filter>Source Files</Filter>
    </ClCompile>
    <ClCompile Include="ScenarioDedicatedWorker.cpp">
      <Filter>Source Files</Filter>
    </ClCompile>
    <ClCompile Include="ScenarioDedicatedWorkerPostMessage.cpp">
      <Filter>Source Files</Filter>
    </ClCompile>
    <ClCompile Include="ScenarioDefaultBackgroundColor.cpp">
      <Filter>Source Files</Filter>
    </ClCompile>
    <ClCompile Include="ScenarioDragDropOverride.cpp">
      <Filter>Source Files</Filter>
    </ClCompile>
    <ClCompile Include="ScenarioFileSystemHandleShare.cpp">
      <Filter>Source Files</Filter>
    </ClCompile>
    <ClCompile Include="ScenarioFileTypePolicy.cpp">
      <Filter>Source Files</Filter>
    </ClCompile>
    <ClCompile Include="ScenarioNonClientRegionSupport.cpp">
      <Filter>Source Files</Filter>
    </ClCompile>
    <ClCompile Include="ScenarioNotificationReceived.cpp">
      <Filter>Source Files</Filter>
    </ClCompile>
    <ClCompile Include="ScenarioSaveAs.cpp">
      <Filter>Source Files</Filter>
    </ClCompile>
    <ClCompile Include="ScenarioScreenCapture.cpp">
      <Filter>Source Files</Filter>
    </ClCompile>
    <ClCompile Include="ScenarioServiceWorkerManager.cpp">
      <Filter>Source Files</Filter>
    </ClCompile>
    <ClCompile Include="ScenarioServiceWorkerPostMessage.cpp">
      <Filter>Source Files</Filter>
    </ClCompile>
    <ClCompile Include="ScenarioSharedWorkerManager.cpp">
      <Filter>Source Files</Filter>
    </ClCompile>
    <ClCompile Include="ScenarioThrottlingControl.cpp">
      <Filter>Source Files</Filter>
    </ClCompile>
    <ClCompile Include="ScenarioWindowControlsOverlay.cpp">
      <Filter>Source Files</Filter>
    </ClCompile>
    <ClCompile Include="Util.cpp">
      <Filter>Source Files</Filter>
    </ClCompile>
  </ItemGroup>
  <ItemGroup>
    <ClInclude Include="AppWindow.h">
      <Filter>Header Files</Filter>
    </ClInclude>
    <ClInclude Include="CheckFailure.h">
      <Filter>Header Files</Filter>
    </ClInclude>
    <ClInclude Include="resource.h">
      <Filter>Header Files</Filter>
    </ClInclude>
    <ClInclude Include="ScenarioWebMessage.h">
      <Filter>Header Files</Filter>
    </ClInclude>
    <ClInclude Include="stdafx.h">
      <Filter>Header Files</Filter>
    </ClInclude>
    <ClInclude Include="targetver.h">
      <Filter>Header Files</Filter>
    </ClInclude>
    <ClInclude Include="TextInputDialog.h">
      <Filter>Header Files</Filter>
    </ClInclude>
    <ClInclude Include="ComponentBase.h">
      <Filter>Header Files</Filter>
    </ClInclude>
    <ClInclude Include="ControlComponent.h">
      <Filter>Header Files</Filter>
    </ClInclude>
    <ClInclude Include="FileComponent.h">
      <Filter>Header Files</Filter>
    </ClInclude>
    <ClInclude Include="ProcessComponent.h">
      <Filter>Header Files</Filter>
    </ClInclude>
    <ClInclude Include="ScenarioAddHostObject.h">
      <Filter>Header Files</Filter>
    </ClInclude>
    <ClInclude Include="ScriptComponent.h">
      <Filter>Header Files</Filter>
    </ClInclude>
    <ClInclude Include="SettingsComponent.h">
      <Filter>Header Files</Filter>
    </ClInclude>
    <ClInclude Include="Toolbar.h">
      <Filter>Header Files</Filter>
    </ClInclude>
    <ClInclude Include="ViewComponent.h">
      <Filter>Header Files</Filter>
    </ClInclude>
    <ClInclude Include="ScenarioWebViewEventMonitor.h">
      <Filter>Header Files</Filter>
    </ClInclude>
    <ClInclude Include="HostObjectSampleImpl.h">
      <Filter>Header Files</Filter>
    </ClInclude>
    <ClInclude Include="App.h">
      <Filter>Header Files</Filter>
    </ClInclude>
    <ClInclude Include="DpiUtil.h">
      <Filter>Header Files</Filter>
    </ClInclude>
    <ClInclude Include="ScenarioAuthentication.h">
      <Filter>Header Files</Filter>
    </ClInclude>
    <ClInclude Include="DCompTargetImpl.h">
      <Filter>Header Files</Filter>
    </ClInclude>
    <ClInclude Include="AppStartPage.h">
      <Filter>Header Files</Filter>
    </ClInclude>
    <ClInclude Include="DropTarget.h">
      <Filter>Header Files</Filter>
    </ClInclude>
    <ClInclude Include="ScenarioCookieManagement.h">
      <Filter>Header Files</Filter>
    </ClInclude>
    <ClInclude Include="ScenarioDOMContentLoaded.h">
      <Filter>Header Files</Filter>
    </ClInclude>
    <ClInclude Include="ScenarioNavigateWithWebResourceRequest.h">
      <Filter>Header Files</Filter>
    </ClInclude>
    <ClInclude Include="ScenarioCustomDownloadExperience.h">
      <Filter>Header Files</Filter>
    </ClInclude>
    <ClInclude Include="ScenarioClientCertificateRequested.h">
      <Filter>Header Files</Filter>
    </ClInclude>
    <ClInclude Include="ClientCertificateSelectionDialog.h">
      <Filter>Header Files</Filter>
    </ClInclude>
    <ClInclude Include="ScenarioVirtualHostMappingForSW.h">
      <Filter>Source Files</Filter>
    </ClInclude>
    <ClInclude Include="ScenarioVirtualHostMappingForPopUpWindow.h">
      <Filter>Header Files</Filter>
    </ClInclude>
    <ClInclude Include="AudioComponent.h">
      <Filter>Header Files</Filter>
    </ClInclude>
    <ClInclude Include="ScenarioIFrameDevicePermission.h">
      <Filter>Header Files</Filter>
    </ClInclude>
    <ClInclude Include="CustomStatusBar.h">
      <Filter>Header Files</Filter>
    </ClInclude>
    <ClInclude Include="PermissionDialog.h">
      <Filter>Header Files</Filter>
    </ClInclude>
    <ClInclude Include="ScenarioCustomScheme.h">
      <Filter>Header Files</Filter>
    </ClInclude>
    <ClInclude Include="ScenarioCustomSchemeNavigate.h">
      <Filter>Header Files</Filter>
    </ClInclude>
    <ClInclude Include="ScenarioDragDrop.h">
      <Filter>Header Files</Filter>
    </ClInclude>
    <ClInclude Include="ScenarioExtensionsManagement.h">
      <Filter>Header Files</Filter>
    </ClInclude>
    <ClInclude Include="ScenarioPermissionManagement.h">
      <Filter>Header Files</Filter>
    </ClInclude>
    <ClInclude Include="ScenarioSharedBuffer.h">
      <Filter>Header Files</Filter>
    </ClInclude>
    <ClInclude Include="ScenarioSharedWorkerWRR.h">
      <Filter>Header Files</Filter>
    </ClInclude>
    <ClInclude Include="DiscardsComponent.h">
      <Filter>Header Files</Filter>
    </ClInclude>
    <ClInclude Include="ScenarioAcceleratorKeyPressed.h">
      <Filter>Header Files</Filter>
    </ClInclude>
    <ClInclude Include="ScenarioDedicatedWorker.h">
      <Filter>Header Files</Filter>
    </ClInclude>
    <ClInclude Include="ScenarioDedicatedWorkerPostMessage.h">
      <Filter>Header Files</Filter>
    </ClInclude>
    <ClInclude Include="ScenarioDefaultBackgroundColor.h">
      <Filter>Header Files</Filter>
    </ClInclude>
    <ClInclude Include="ScenarioDragDropOverride.h">
      <Filter>Header Files</Filter>
    </ClInclude>
    <ClInclude Include="ScenarioFileSystemHandleShare.h">
      <Filter>Header Files</Filter>
    </ClInclude>
    <ClInclude Include="ScenarioFileTypePolicy.h">
      <Filter>Header Files</Filter>
    </ClInclude>
    <ClInclude Include="ScenarioNonClientRegionSupport.h">
      <Filter>Header Files</Filter>
    </ClInclude>
    <ClInclude Include="ScenarioNotificationReceived.h">
      <Filter>Header Files</Filter>
    </ClInclude>
    <ClInclude Include="ScenarioSaveAs.h">
      <Filter>Header Files</Filter>
    </ClInclude>
    <ClInclude Include="ScenarioScreenCapture.h">
      <Filter>Header Files</Filter>
    </ClInclude>
    <ClInclude Include="ScenarioServiceWorkerManager.h">
      <Filter>Header Files</Filter>
    </ClInclude>
    <ClInclude Include="ScenarioServiceWorkerPostMessage.h">
      <Filter>Header Files</Filter>
    </ClInclude>
    <ClInclude Include="ScenarioSharedWorkerManager.h">
      <Filter>Header Files</Filter>
    </ClInclude>
    <ClInclude Include="ScenarioThrottlingControl.h">
      <Filter>Header Files</Filter>
    </ClInclude>
    <ClInclude Include="ScenarioWindowControlsOverlay.h">
      <Filter>Header Files</Filter>
    </ClInclude>
    <ClInclude Include="Util.h">
      <Filter>Header Files</Filter>
    </ClInclude>
  </ItemGroup>
  <ItemGroup>
    <ResourceCompile Include="WebView2APISample.rc">
      <Filter>Resource Files</Filter>
    </ResourceCompile>
  </ItemGroup>
  <ItemGroup>
    <None Include="packages.config" />
  </ItemGroup>
  <ItemGroup>
    <CopyFileToFolders Include="assets\ScenarioJavaScriptDebugIndex.js" />
    <CopyFileToFolders Include="assets\ScenarioAddHostObject.html" />
    <CopyFileToFolders Include="assets\ScenarioCookieManagement.html" />
    <CopyFileToFolders Include="assets\ScenarioDOMContentLoaded.html" />
    <CopyFileToFolders Include="assets\ScenarioJavaScriptDebugIndex.html" />
    <CopyFileToFolders Include="assets\ScenarioTypeScriptDebugIndex.html" />
    <CopyFileToFolders Include="assets\ScenarioTypeScriptDebugIndex.ts" />
    <CopyFileToFolders Include="assets\ScenarioVirtualHostMappingForPopUpWindow.html" />
    <CopyFileToFolders Include="assets\ScenarioVirtualHostMappingForPopUpWindow.js" />
    <CopyFileToFolders Include="assets\ScenarioWebMessage.html" />
    <CopyFileToFolders Include="assets\ScenarioWebViewEventMonitor.html" />
    <CopyFileToFolders Include="assets\AppStartPage.html" />
    <CopyFileToFolders Include="assets\AppStartPage.js" />
    <CopyFileToFolders Include="assets\ScenarioTestingFocus.html" />
    <CopyFileToFolders Include="assets/AppStartPageBackground.png">
      <Filter>Resource Files</Filter>
    </CopyFileToFolders>
    <CopyFileToFolders Include="assets/ScenarioIFrameDevicePermission.html" />
    <CopyFileToFolders Include="assets/ScenarioIFrameDevicePermissionIFrame.html" />
    <CopyFileToFolders Include="assets/ScenarioIFrameDevicePermissionIFrameNested.html" />
    <CopyFileToFolders Include="assets/DemoWorker.js" />
    <CopyFileToFolders Include="assets/ScenarioCustomScheme.html" />
    <CopyFileToFolders Include="assets/ScenarioCustomScheme.json" />
    <CopyFileToFolders Include="assets/ScenarioDragDrop.html" />
    <CopyFileToFolders Include="assets/ScenarioSharedBuffer.html" />
    <CopyFileToFolders Include="assets/dedicated_worker.js" />
    <CopyFileToFolders Include="assets\scenario_sw_post_msg_scope\index.html" />
    <CopyFileToFolders Include="assets\scenario_sw_post_msg_scope\sw.js" />
    <CopyFileToFolders Include="assets\scenario_sw_post_msg_scope\style.css" />
    <CopyFileToFolders Include="assets\scenario_sw_post_msg_scope\img.jpg" />
    <CopyFileToFolders Include="assets/extensions/example-devtools-extension/devtools.html" />
    <CopyFileToFolders Include="assets/extensions/example-devtools-extension/manifest.json" />
    <CopyFileToFolders Include="assets/extensions/example-devtools-extension/panel.html" />
    <CopyFileToFolders Include="assets/extensions/example-devtools-extension/panel.js" />
    <CopyFileToFolders Include="assets/LandingPageForFindDemo.html" />
    <CopyFileToFolders Include="assets/ScenarioAcceleratorKeyPressed.html" />
    <CopyFileToFolders Include="assets/ScenarioDedicatedWorkerPostMessage.html" />
    <CopyFileToFolders Include="assets/ScenarioDragDropOverride.html" />
    <CopyFileToFolders Include="assets/ScenarioFileSystemHandleShare.html" />
    <CopyFileToFolders Include="assets/ScenarioNonClientRegionSupport.html" />
    <CopyFileToFolders Include="assets/ScenarioNotificationReceived.html" />
    <CopyFileToFolders Include="assets/ScenarioScreenCapture.html" />
    <CopyFileToFolders Include="assets/ScenarioScreenCaptureIFrame1.html" />
    <CopyFileToFolders Include="assets/ScenarioScreenCaptureIFrame2.html" />
    <CopyFileToFolders Include="assets/ScenarioServiceWorkerSyncRegistrationManager.html" />
    <CopyFileToFolders Include="assets/ScenarioServiceWorkerSyncRegistrationManagerServiceWorker.js" />
    <CopyFileToFolders Include="assets/ScenarioThrottlingControl.html" />
    <CopyFileToFolders Include="assets/ScenarioThrottlingControl.js" />
    <CopyFileToFolders Include="assets/ScenarioThrottlingControl1PP.html" />
    <CopyFileToFolders Include="assets/ScenarioThrottlingControl3PP.html" />
    <CopyFileToFolders Include="assets/ScenarioThrottlingControlMonitor.html" />
    <CopyFileToFolders Include="assets/ScenarioThrottlingControlMonitor.js" />
    <CopyFileToFolders Include="assets/ScenarioWindowControlsOverlay.html" />
    <CopyFileToFolders Include="assets/SecnarioFileTypePolicy.html" />
    <CopyFileToFolders Include="assets/sw_scope/cached_by_sw_install.jpg">
      <Filter>Resource Files</Filter>
    </CopyFileToFolders>
    <CopyFileToFolders Include="assets/sw_scope/index.html" />
    <CopyFileToFolders Include="assets/sw_scope/simple.txt" />
    <CopyFileToFolders Include="assets/sw_scope/sw.js" />
    <CopyFileToFolders Include="ScenarioDefaultBackgroundColor.html" />
    <CopyFileToFolders Include="ScenarioScreenCaptureIFrame2.html" />
  </ItemGroup>
  <ItemGroup>
    <Image Include="small.ico">
      <Filter>Resource Files</Filter>
    </Image>
    <Image Include="WebView2APISample.ico">
      <Filter>Resource Files</Filter>
    </Image>
    <Image Include="AppBackground.bmp">
      <Filter>Resource Files</Filter>
    </Image>
    <Image Include="WebView2APISample_Inprivate.ico">
      <Filter>Resource Files</Filter>
    </Image>
  </ItemGroup>
  <ItemGroup>
    <Midl Include="HostObjectSample.idl">
      <Filter>Source Files</Filter>
    </Midl>
  </ItemGroup>
</Project>