
Microsoft Visual Studio Solution File, Format Version 12.00
# Visual Studio Version 16
VisualStudioVersion = 16.0.30011.22
MinimumVisualStudioVersion = 10.0.40219.1
Project("{FAE04EC0-301F-11D3-BF4B-00C04F79EFBC}") = "WebView2WindowsFormsBrowser", "WebView2WindowsFormsBrowser.csproj", "{86BC1812-7A58-43C1-B0BB-D8EC7AC1A2CF}"
EndProject
Global
	GlobalSection(SolutionConfigurationPlatforms) = preSolution
		Debug|Any CPU = Debug|Any CPU
		Release|Any CPU = Release|Any CPU
	EndGlobalSection
	GlobalSection(ProjectConfigurationPlatforms) = postSolution
		{86BC1812-7A58-43C1-B0BB-D8EC7AC1A2CF}.Debug|Any CPU.ActiveCfg = Debug|Any CPU
		{86BC1812-7A58-43C1-B0BB-D8EC7AC1A2CF}.Debug|Any CPU.Build.0 = Debug|Any CPU
		{86BC1812-7A58-43C1-B0BB-D8EC7AC1A2CF}.Release|Any CPU.ActiveCfg = Release|Any CPU
		{86BC1812-7A58-43C1-B0BB-D8EC7AC1A2CF}.Release|Any CPU.Build.0 = Release|Any CPU
	EndGlobalSection
	GlobalSection(SolutionProperties) = preSolution
		HideSolutionNode = FALSE
	EndGlobalSection
	GlobalSection(ExtensibilityGlobals) = postSolution
		SolutionGuid = {0260E91B-A0AA-47C4-BAB0-B51495EF6029}
	EndGlobalSection
EndGlobal
