
Microsoft Visual Studio Solution File, Format Version 12.00
# Visual Studio Version 16
VisualStudioVersion = 16.0.30011.22
MinimumVisualStudioVersion = 10.0.40219.1
Project("{8BC9CEB8-8B4A-11D0-8D11-00A0C91BC942}") = "WebView2APISample", "WebView2APISample\WebView2APISample.vcxproj", "{4F0CEEF3-12B3-425E-9BB0-105200411592}"
EndProject
Project("{9A19103F-16F7-4668-BE54-9A1E7A4F7556}") = "WebView2WindowsFormsBrowser", "WebView2WindowsFormsBrowser\WebView2WindowsFormsBrowser.csproj", "{59031776-19E7-442A-92DC-39165BD2DA0A}"
EndProject
Project("{9A19103F-16F7-4668-BE54-9A1E7A4F7556}") = "WebView2WpfBrowser", "WebView2WpfBrowser\WebView2WpfBrowser.csproj", "{68762FAD-5D35-4D53-B15B-36B521C4494E}"
EndProject
Project("{930C7802-8A8C-48F9-8165-68863BCCD9DD}") = "WV2DeploymentWiXCustomActionSample", "WV2DeploymentWiXCustomActionSample\WV2DeploymentWiXCustomActionSample.wixproj", "{3494E3E2-CB03-4283-B8F8-E1158CDBAF3F}"
EndProject
Project("{930C7802-8A8C-48F9-8165-68863BCCD9DD}") = "WV2DeploymentWiXBurnBundleSample", "WV2DeploymentWiXBurnBundleSample\WV2DeploymentWiXBurnBundleSample.wixproj", "{352113BF-FB17-4FD4-A47B-7D1013BFB8AE}"
EndProject
Project("{9A19103F-16F7-4668-BE54-9A1E7A4F7556}") = "WV2CDPExtensionWPFSample", "WV2CDPExtensionWPFSample\WV2CDPExtensionWPFSample.csproj", "{33C09167-E167-42FB-AECA-5BF6C24C3C40}"
EndProject
Global
	GlobalSection(SolutionConfigurationPlatforms) = preSolution
		Debug|Any CPU = Debug|Any CPU
		Debug|ARM64 = Debug|ARM64
		Debug|x64 = Debug|x64
		Debug|x86 = Debug|x86
		Release|Any CPU = Release|Any CPU
		Release|ARM64 = Release|ARM64
		Release|x64 = Release|x64
		Release|x86 = Release|x86
		Win7 Debug|Any CPU = Win7 Debug|Any CPU
		Win7 Debug|ARM64 = Win7 Debug|ARM64
		Win7 Debug|x64 = Win7 Debug|x64
		Win7 Debug|x86 = Win7 Debug|x86
		Win7 Release|Any CPU = Win7 Release|Any CPU
		Win7 Release|ARM64 = Win7 Release|ARM64
		Win7 Release|x64 = Win7 Release|x64
		Win7 Release|x86 = Win7 Release|x86
	EndGlobalSection
	GlobalSection(ProjectConfigurationPlatforms) = postSolution
		{4F0CEEF3-12B3-425E-9BB0-105200411592}.Debug|Any CPU.ActiveCfg = Debug|Win32
		{4F0CEEF3-12B3-425E-9BB0-105200411592}.Debug|ARM64.ActiveCfg = Debug|ARM64
		{4F0CEEF3-12B3-425E-9BB0-105200411592}.Debug|ARM64.Build.0 = Debug|ARM64
		{4F0CEEF3-12B3-425E-9BB0-105200411592}.Debug|x64.ActiveCfg = Debug|x64
		{4F0CEEF3-12B3-425E-9BB0-105200411592}.Debug|x64.Build.0 = Debug|x64
		{4F0CEEF3-12B3-425E-9BB0-105200411592}.Debug|x86.ActiveCfg = Debug|Win32
		{4F0CEEF3-12B3-425E-9BB0-105200411592}.Debug|x86.Build.0 = Debug|Win32
		{4F0CEEF3-12B3-425E-9BB0-105200411592}.Release|Any CPU.ActiveCfg = Release|Win32
		{4F0CEEF3-12B3-425E-9BB0-105200411592}.Release|ARM64.ActiveCfg = Release|ARM64
		{4F0CEEF3-12B3-425E-9BB0-105200411592}.Release|ARM64.Build.0 = Release|ARM64
		{4F0CEEF3-12B3-425E-9BB0-105200411592}.Release|x64.ActiveCfg = Release|x64
		{4F0CEEF3-12B3-425E-9BB0-105200411592}.Release|x64.Build.0 = Release|x64
		{4F0CEEF3-12B3-425E-9BB0-105200411592}.Release|x86.ActiveCfg = Release|Win32
		{4F0CEEF3-12B3-425E-9BB0-105200411592}.Release|x86.Build.0 = Release|Win32
		{4F0CEEF3-12B3-425E-9BB0-105200411592}.Win7 Debug|Any CPU.ActiveCfg = Win7 Debug|Win32
		{4F0CEEF3-12B3-425E-9BB0-105200411592}.Win7 Debug|ARM64.ActiveCfg = Win7 Debug|ARM64
		{4F0CEEF3-12B3-425E-9BB0-105200411592}.Win7 Debug|ARM64.Build.0 = Win7 Debug|ARM64
		{4F0CEEF3-12B3-425E-9BB0-105200411592}.Win7 Debug|x64.ActiveCfg = Win7 Debug|x64
		{4F0CEEF3-12B3-425E-9BB0-105200411592}.Win7 Debug|x64.Build.0 = Win7 Debug|x64
		{4F0CEEF3-12B3-425E-9BB0-105200411592}.Win7 Debug|x86.ActiveCfg = Win7 Debug|Win32
		{4F0CEEF3-12B3-425E-9BB0-105200411592}.Win7 Debug|x86.Build.0 = Win7 Debug|Win32
		{4F0CEEF3-12B3-425E-9BB0-105200411592}.Win7 Release|Any CPU.ActiveCfg = Win7 Release|Win32
		{4F0CEEF3-12B3-425E-9BB0-105200411592}.Win7 Release|ARM64.ActiveCfg = Win7 Release|ARM64
		{4F0CEEF3-12B3-425E-9BB0-105200411592}.Win7 Release|ARM64.Build.0 = Win7 Release|ARM64
		{4F0CEEF3-12B3-425E-9BB0-105200411592}.Win7 Release|x64.ActiveCfg = Win7 Release|x64
		{4F0CEEF3-12B3-425E-9BB0-105200411592}.Win7 Release|x64.Build.0 = Win7 Release|x64
		{4F0CEEF3-12B3-425E-9BB0-105200411592}.Win7 Release|x86.ActiveCfg = Win7 Release|Win32
		{4F0CEEF3-12B3-425E-9BB0-105200411592}.Win7 Release|x86.Build.0 = Win7 Release|Win32
		{59031776-19E7-442A-92DC-39165BD2DA0A}.Debug|Any CPU.ActiveCfg = Debug|Any CPU
		{59031776-19E7-442A-92DC-39165BD2DA0A}.Debug|Any CPU.Build.0 = Debug|Any CPU
		{59031776-19E7-442A-92DC-39165BD2DA0A}.Debug|ARM64.ActiveCfg = Debug|Any CPU
		{59031776-19E7-442A-92DC-39165BD2DA0A}.Debug|ARM64.Build.0 = Debug|Any CPU
		{59031776-19E7-442A-92DC-39165BD2DA0A}.Debug|x64.ActiveCfg = Debug|Any CPU
		{59031776-19E7-442A-92DC-39165BD2DA0A}.Debug|x64.Build.0 = Debug|Any CPU
		{59031776-19E7-442A-92DC-39165BD2DA0A}.Debug|x86.ActiveCfg = Debug|Any CPU
		{59031776-19E7-442A-92DC-39165BD2DA0A}.Debug|x86.Build.0 = Debug|Any CPU
		{59031776-19E7-442A-92DC-39165BD2DA0A}.Release|Any CPU.ActiveCfg = Release|Any CPU
		{59031776-19E7-442A-92DC-39165BD2DA0A}.Release|Any CPU.Build.0 = Release|Any CPU
		{59031776-19E7-442A-92DC-39165BD2DA0A}.Release|ARM64.ActiveCfg = Release|Any CPU
		{59031776-19E7-442A-92DC-39165BD2DA0A}.Release|ARM64.Build.0 = Release|Any CPU
		{59031776-19E7-442A-92DC-39165BD2DA0A}.Release|x64.ActiveCfg = Release|Any CPU
		{59031776-19E7-442A-92DC-39165BD2DA0A}.Release|x64.Build.0 = Release|Any CPU
		{59031776-19E7-442A-92DC-39165BD2DA0A}.Release|x86.ActiveCfg = Release|Any CPU
		{59031776-19E7-442A-92DC-39165BD2DA0A}.Release|x86.Build.0 = Release|Any CPU
		{59031776-19E7-442A-92DC-39165BD2DA0A}.Win7 Debug|Any CPU.ActiveCfg = Win7 Debug|Any CPU
		{59031776-19E7-442A-92DC-39165BD2DA0A}.Win7 Debug|Any CPU.Build.0 = Win7 Debug|Any CPU
		{59031776-19E7-442A-92DC-39165BD2DA0A}.Win7 Debug|ARM64.ActiveCfg = Win7 Debug|Any CPU
		{59031776-19E7-442A-92DC-39165BD2DA0A}.Win7 Debug|ARM64.Build.0 = Win7 Debug|Any CPU
		{59031776-19E7-442A-92DC-39165BD2DA0A}.Win7 Debug|x64.ActiveCfg = Win7 Debug|Any CPU
		{59031776-19E7-442A-92DC-39165BD2DA0A}.Win7 Debug|x64.Build.0 = Win7 Debug|Any CPU
		{59031776-19E7-442A-92DC-39165BD2DA0A}.Win7 Debug|x86.ActiveCfg = Win7 Debug|Any CPU
		{59031776-19E7-442A-92DC-39165BD2DA0A}.Win7 Debug|x86.Build.0 = Win7 Debug|Any CPU
		{59031776-19E7-442A-92DC-39165BD2DA0A}.Win7 Release|Any CPU.ActiveCfg = Win7 Release|Any CPU
		{59031776-19E7-442A-92DC-39165BD2DA0A}.Win7 Release|Any CPU.Build.0 = Win7 Release|Any CPU
		{59031776-19E7-442A-92DC-39165BD2DA0A}.Win7 Release|ARM64.ActiveCfg = Win7 Release|Any CPU
		{59031776-19E7-442A-92DC-39165BD2DA0A}.Win7 Release|ARM64.Build.0 = Win7 Release|Any CPU
		{59031776-19E7-442A-92DC-39165BD2DA0A}.Win7 Release|x64.ActiveCfg = Win7 Release|Any CPU
		{59031776-19E7-442A-92DC-39165BD2DA0A}.Win7 Release|x64.Build.0 = Win7 Release|Any CPU
		{59031776-19E7-442A-92DC-39165BD2DA0A}.Win7 Release|x86.ActiveCfg = Win7 Release|Any CPU
		{59031776-19E7-442A-92DC-39165BD2DA0A}.Win7 Release|x86.Build.0 = Win7 Release|Any CPU
		{68762FAD-5D35-4D53-B15B-36B521C4494E}.Debug|Any CPU.ActiveCfg = Debug|Any CPU
		{68762FAD-5D35-4D53-B15B-36B521C4494E}.Debug|Any CPU.Build.0 = Debug|Any CPU
		{68762FAD-5D35-4D53-B15B-36B521C4494E}.Debug|ARM64.ActiveCfg = Debug|Any CPU
		{68762FAD-5D35-4D53-B15B-36B521C4494E}.Debug|ARM64.Build.0 = Debug|Any CPU
		{68762FAD-5D35-4D53-B15B-36B521C4494E}.Debug|x64.ActiveCfg = Debug|Any CPU
		{68762FAD-5D35-4D53-B15B-36B521C4494E}.Debug|x64.Build.0 = Debug|Any CPU
		{68762FAD-5D35-4D53-B15B-36B521C4494E}.Debug|x86.ActiveCfg = Debug|Any CPU
		{68762FAD-5D35-4D53-B15B-36B521C4494E}.Debug|x86.Build.0 = Debug|Any CPU
		{68762FAD-5D35-4D53-B15B-36B521C4494E}.Release|Any CPU.ActiveCfg = Release|Any CPU
		{68762FAD-5D35-4D53-B15B-36B521C4494E}.Release|Any CPU.Build.0 = Release|Any CPU
		{68762FAD-5D35-4D53-B15B-36B521C4494E}.Release|ARM64.ActiveCfg = Release|Any CPU
		{68762FAD-5D35-4D53-B15B-36B521C4494E}.Release|ARM64.Build.0 = Release|Any CPU
		{68762FAD-5D35-4D53-B15B-36B521C4494E}.Release|x64.ActiveCfg = Release|Any CPU
		{68762FAD-5D35-4D53-B15B-36B521C4494E}.Release|x64.Build.0 = Release|Any CPU
		{68762FAD-5D35-4D53-B15B-36B521C4494E}.Release|x86.ActiveCfg = Release|Any CPU
		{68762FAD-5D35-4D53-B15B-36B521C4494E}.Release|x86.Build.0 = Release|Any CPU
		{68762FAD-5D35-4D53-B15B-36B521C4494E}.Win7 Debug|Any CPU.ActiveCfg = Win7 Debug|Any CPU
		{68762FAD-5D35-4D53-B15B-36B521C4494E}.Win7 Debug|Any CPU.Build.0 = Win7 Debug|Any CPU
		{68762FAD-5D35-4D53-B15B-36B521C4494E}.Win7 Debug|ARM64.ActiveCfg = Win7 Debug|Any CPU
		{68762FAD-5D35-4D53-B15B-36B521C4494E}.Win7 Debug|ARM64.Build.0 = Win7 Debug|Any CPU
		{68762FAD-5D35-4D53-B15B-36B521C4494E}.Win7 Debug|x64.ActiveCfg = Win7 Debug|Any CPU
		{68762FAD-5D35-4D53-B15B-36B521C4494E}.Win7 Debug|x64.Build.0 = Win7 Debug|Any CPU
		{68762FAD-5D35-4D53-B15B-36B521C4494E}.Win7 Debug|x86.ActiveCfg = Win7 Debug|Any CPU
		{68762FAD-5D35-4D53-B15B-36B521C4494E}.Win7 Debug|x86.Build.0 = Win7 Debug|Any CPU
		{68762FAD-5D35-4D53-B15B-36B521C4494E}.Win7 Release|Any CPU.ActiveCfg = Win7 Release|Any CPU
		{68762FAD-5D35-4D53-B15B-36B521C4494E}.Win7 Release|Any CPU.Build.0 = Win7 Release|Any CPU
		{68762FAD-5D35-4D53-B15B-36B521C4494E}.Win7 Release|ARM64.ActiveCfg = Win7 Release|Any CPU
		{68762FAD-5D35-4D53-B15B-36B521C4494E}.Win7 Release|ARM64.Build.0 = Win7 Release|Any CPU
		{68762FAD-5D35-4D53-B15B-36B521C4494E}.Win7 Release|x64.ActiveCfg = Win7 Release|Any CPU
		{68762FAD-5D35-4D53-B15B-36B521C4494E}.Win7 Release|x64.Build.0 = Win7 Release|Any CPU
		{68762FAD-5D35-4D53-B15B-36B521C4494E}.Win7 Release|x86.ActiveCfg = Win7 Release|Any CPU
		{68762FAD-5D35-4D53-B15B-36B521C4494E}.Win7 Release|x86.Build.0 = Win7 Release|Any CPU
		{3494E3E2-CB03-4283-B8F8-E1158CDBAF3F}.Debug|Any CPU.ActiveCfg = Debug|x86
		{3494E3E2-CB03-4283-B8F8-E1158CDBAF3F}.Debug|ARM64.ActiveCfg = Debug|x86
		{3494E3E2-CB03-4283-B8F8-E1158CDBAF3F}.Debug|x64.ActiveCfg = Debug|x86
		{3494E3E2-CB03-4283-B8F8-E1158CDBAF3F}.Debug|x86.ActiveCfg = Debug|x86
		{3494E3E2-CB03-4283-B8F8-E1158CDBAF3F}.Debug|x86.Build.0 = Debug|x86
		{3494E3E2-CB03-4283-B8F8-E1158CDBAF3F}.Release|Any CPU.ActiveCfg = Release|x86
		{3494E3E2-CB03-4283-B8F8-E1158CDBAF3F}.Release|ARM64.ActiveCfg = Release|x86
		{3494E3E2-CB03-4283-B8F8-E1158CDBAF3F}.Release|x64.ActiveCfg = Release|x86
		{3494E3E2-CB03-4283-B8F8-E1158CDBAF3F}.Release|x86.ActiveCfg = Release|x86
		{3494E3E2-CB03-4283-B8F8-E1158CDBAF3F}.Release|x86.Build.0 = Release|x86
		{3494E3E2-CB03-4283-B8F8-E1158CDBAF3F}.Win7 Debug|Any CPU.ActiveCfg = Debug|x86
		{3494E3E2-CB03-4283-B8F8-E1158CDBAF3F}.Win7 Debug|Any CPU.Build.0 = Debug|x86
		{3494E3E2-CB03-4283-B8F8-E1158CDBAF3F}.Win7 Debug|ARM64.ActiveCfg = Debug|x86
		{3494E3E2-CB03-4283-B8F8-E1158CDBAF3F}.Win7 Debug|ARM64.Build.0 = Debug|x86
		{3494E3E2-CB03-4283-B8F8-E1158CDBAF3F}.Win7 Debug|x64.ActiveCfg = Debug|x86
		{3494E3E2-CB03-4283-B8F8-E1158CDBAF3F}.Win7 Debug|x64.Build.0 = Debug|x86
		{3494E3E2-CB03-4283-B8F8-E1158CDBAF3F}.Win7 Debug|x86.ActiveCfg = Debug|x86
		{3494E3E2-CB03-4283-B8F8-E1158CDBAF3F}.Win7 Debug|x86.Build.0 = Debug|x86
		{3494E3E2-CB03-4283-B8F8-E1158CDBAF3F}.Win7 Release|Any CPU.ActiveCfg = Release|x86
		{3494E3E2-CB03-4283-B8F8-E1158CDBAF3F}.Win7 Release|Any CPU.Build.0 = Release|x86
		{3494E3E2-CB03-4283-B8F8-E1158CDBAF3F}.Win7 Release|ARM64.ActiveCfg = Release|x86
		{3494E3E2-CB03-4283-B8F8-E1158CDBAF3F}.Win7 Release|ARM64.Build.0 = Release|x86
		{3494E3E2-CB03-4283-B8F8-E1158CDBAF3F}.Win7 Release|x64.ActiveCfg = Release|x86
		{3494E3E2-CB03-4283-B8F8-E1158CDBAF3F}.Win7 Release|x64.Build.0 = Release|x86
		{3494E3E2-CB03-4283-B8F8-E1158CDBAF3F}.Win7 Release|x86.ActiveCfg = Release|x86
		{3494E3E2-CB03-4283-B8F8-E1158CDBAF3F}.Win7 Release|x86.Build.0 = Release|x86
		{352113BF-FB17-4FD4-A47B-7D1013BFB8AE}.Debug|Any CPU.ActiveCfg = Debug|x86
		{352113BF-FB17-4FD4-A47B-7D1013BFB8AE}.Debug|ARM64.ActiveCfg = Debug|x86
		{352113BF-FB17-4FD4-A47B-7D1013BFB8AE}.Debug|x64.ActiveCfg = Debug|x86
		{352113BF-FB17-4FD4-A47B-7D1013BFB8AE}.Debug|x86.ActiveCfg = Debug|x86
		{352113BF-FB17-4FD4-A47B-7D1013BFB8AE}.Debug|x86.Build.0 = Debug|x86
		{352113BF-FB17-4FD4-A47B-7D1013BFB8AE}.Release|Any CPU.ActiveCfg = Release|x86
		{352113BF-FB17-4FD4-A47B-7D1013BFB8AE}.Release|ARM64.ActiveCfg = Release|x86
		{352113BF-FB17-4FD4-A47B-7D1013BFB8AE}.Release|x64.ActiveCfg = Release|x86
		{352113BF-FB17-4FD4-A47B-7D1013BFB8AE}.Release|x86.ActiveCfg = Release|x86
		{352113BF-FB17-4FD4-A47B-7D1013BFB8AE}.Release|x86.Build.0 = Release|x86
		{352113BF-FB17-4FD4-A47B-7D1013BFB8AE}.Win7 Debug|Any CPU.ActiveCfg = Debug|x86
		{352113BF-FB17-4FD4-A47B-7D1013BFB8AE}.Win7 Debug|Any CPU.Build.0 = Debug|x86
		{352113BF-FB17-4FD4-A47B-7D1013BFB8AE}.Win7 Debug|ARM64.ActiveCfg = Debug|x86
		{352113BF-FB17-4FD4-A47B-7D1013BFB8AE}.Win7 Debug|ARM64.Build.0 = Debug|x86
		{352113BF-FB17-4FD4-A47B-7D1013BFB8AE}.Win7 Debug|x64.ActiveCfg = Debug|x86
		{352113BF-FB17-4FD4-A47B-7D1013BFB8AE}.Win7 Debug|x64.Build.0 = Debug|x86
		{352113BF-FB17-4FD4-A47B-7D1013BFB8AE}.Win7 Debug|x86.ActiveCfg = Debug|x86
		{352113BF-FB17-4FD4-A47B-7D1013BFB8AE}.Win7 Debug|x86.Build.0 = Debug|x86
		{352113BF-FB17-4FD4-A47B-7D1013BFB8AE}.Win7 Release|Any CPU.ActiveCfg = Release|x86
		{352113BF-FB17-4FD4-A47B-7D1013BFB8AE}.Win7 Release|Any CPU.Build.0 = Release|x86
		{352113BF-FB17-4FD4-A47B-7D1013BFB8AE}.Win7 Release|ARM64.ActiveCfg = Release|x86
		{352113BF-FB17-4FD4-A47B-7D1013BFB8AE}.Win7 Release|ARM64.Build.0 = Release|x86
		{352113BF-FB17-4FD4-A47B-7D1013BFB8AE}.Win7 Release|x64.ActiveCfg = Release|x86
		{352113BF-FB17-4FD4-A47B-7D1013BFB8AE}.Win7 Release|x64.Build.0 = Release|x86
		{352113BF-FB17-4FD4-A47B-7D1013BFB8AE}.Win7 Release|x86.ActiveCfg = Release|x86
		{352113BF-FB17-4FD4-A47B-7D1013BFB8AE}.Win7 Release|x86.Build.0 = Release|x86
		{33C09167-E167-42FB-AECA-5BF6C24C3C40}.Debug|Any CPU.ActiveCfg = Debug|Any CPU
		{33C09167-E167-42FB-AECA-5BF6C24C3C40}.Debug|Any CPU.Build.0 = Debug|Any CPU
		{33C09167-E167-42FB-AECA-5BF6C24C3C40}.Debug|ARM64.ActiveCfg = Debug|Any CPU
		{33C09167-E167-42FB-AECA-5BF6C24C3C40}.Debug|ARM64.Build.0 = Debug|Any CPU
		{33C09167-E167-42FB-AECA-5BF6C24C3C40}.Debug|x64.ActiveCfg = Debug|Any CPU
		{33C09167-E167-42FB-AECA-5BF6C24C3C40}.Debug|x64.Build.0 = Debug|Any CPU
		{33C09167-E167-42FB-AECA-5BF6C24C3C40}.Debug|x86.ActiveCfg = Debug|Any CPU
		{33C09167-E167-42FB-AECA-5BF6C24C3C40}.Debug|x86.Build.0 = Debug|Any CPU
		{33C09167-E167-42FB-AECA-5BF6C24C3C40}.Release|Any CPU.ActiveCfg = Release|Any CPU
		{33C09167-E167-42FB-AECA-5BF6C24C3C40}.Release|Any CPU.Build.0 = Release|Any CPU
		{33C09167-E167-42FB-AECA-5BF6C24C3C40}.Release|ARM64.ActiveCfg = Release|Any CPU
		{33C09167-E167-42FB-AECA-5BF6C24C3C40}.Release|ARM64.Build.0 = Release|Any CPU
		{33C09167-E167-42FB-AECA-5BF6C24C3C40}.Release|x64.ActiveCfg = Release|Any CPU
		{33C09167-E167-42FB-AECA-5BF6C24C3C40}.Release|x64.Build.0 = Release|Any CPU
		{33C09167-E167-42FB-AECA-5BF6C24C3C40}.Release|x86.ActiveCfg = Release|Any CPU
		{33C09167-E167-42FB-AECA-5BF6C24C3C40}.Release|x86.Build.0 = Release|Any CPU
		{33C09167-E167-42FB-AECA-5BF6C24C3C40}.Win7 Debug|Any CPU.ActiveCfg = Debug|Any CPU
		{33C09167-E167-42FB-AECA-5BF6C24C3C40}.Win7 Debug|Any CPU.Build.0 = Debug|Any CPU
		{33C09167-E167-42FB-AECA-5BF6C24C3C40}.Win7 Debug|ARM64.ActiveCfg = Debug|Any CPU
		{33C09167-E167-42FB-AECA-5BF6C24C3C40}.Win7 Debug|ARM64.Build.0 = Debug|Any CPU
		{33C09167-E167-42FB-AECA-5BF6C24C3C40}.Win7 Debug|x64.ActiveCfg = Debug|Any CPU
		{33C09167-E167-42FB-AECA-5BF6C24C3C40}.Win7 Debug|x64.Build.0 = Debug|Any CPU
		{33C09167-E167-42FB-AECA-5BF6C24C3C40}.Win7 Debug|x86.ActiveCfg = Debug|Any CPU
		{33C09167-E167-42FB-AECA-5BF6C24C3C40}.Win7 Debug|x86.Build.0 = Debug|Any CPU
		{33C09167-E167-42FB-AECA-5BF6C24C3C40}.Win7 Release|Any CPU.ActiveCfg = Release|Any CPU
		{33C09167-E167-42FB-AECA-5BF6C24C3C40}.Win7 Release|Any CPU.Build.0 = Release|Any CPU
		{33C09167-E167-42FB-AECA-5BF6C24C3C40}.Win7 Release|ARM64.ActiveCfg = Release|Any CPU
		{33C09167-E167-42FB-AECA-5BF6C24C3C40}.Win7 Release|ARM64.Build.0 = Release|Any CPU
		{33C09167-E167-42FB-AECA-5BF6C24C3C40}.Win7 Release|x64.ActiveCfg = Release|Any CPU
		{33C09167-E167-42FB-AECA-5BF6C24C3C40}.Win7 Release|x64.Build.0 = Release|Any CPU
		{33C09167-E167-42FB-AECA-5BF6C24C3C40}.Win7 Release|x86.ActiveCfg = Release|Any CPU
		{33C09167-E167-42FB-AECA-5BF6C24C3C40}.Win7 Release|x86.Build.0 = Release|Any CPU
	EndGlobalSection
	GlobalSection(SolutionProperties) = preSolution
		HideSolutionNode = FALSE
	EndGlobalSection
	GlobalSection(ExtensibilityGlobals) = postSolution
		SolutionGuid = {1267B10C-4298-4F27-ADC5-FE558436C6D4}
	EndGlobalSection
EndGlobal
