
Microsoft Visual Studio Solution File, Format Version 12.00
# Visual Studio Version 16
VisualStudioVersion = 16.0.30011.22
MinimumVisualStudioVersion = 10.0.40219.1
Project("{FAE04EC0-301F-11D3-BF4B-00C04F79EFBC}") = "WebView2WpfBrowser", "WebView2WpfBrowser.csproj", "{EE405166-276B-486B-A7C6-D3E5BE2BBB6C}"
EndProject
Global
	GlobalSection(SolutionConfigurationPlatforms) = preSolution
		Debug Experimental APIs|Any CPU = Debug Experimental APIs|Any CPU
		Debug Stable APIs|Any CPU = Debug Stable APIs|Any CPU
		Release Experimental APIs|Any CPU = Release Experimental APIs|Any CPU
		Release Stable APIs|Any CPU = Release Stable APIs|Any CPU
	EndGlobalSection
	GlobalSection(ProjectConfigurationPlatforms) = postSolution
		{EE405166-276B-486B-A7C6-D3E5BE2BBB6C}.Debug Experimental APIs|Any CPU.ActiveCfg = Debug Experimental APIs|Any CPU
		{EE405166-276B-486B-A7C6-D3E5BE2BBB6C}.Debug Experimental APIs|Any CPU.Build.0 = Debug Experimental APIs|Any CPU
		{EE405166-276B-486B-A7C6-D3E5BE2BBB6C}.Debug Stable APIs|Any CPU.ActiveCfg = Debug Stable APIs|Any CPU
		{EE405166-276B-486B-A7C6-D3E5BE2BBB6C}.Debug Stable APIs|Any CPU.Build.0 = Debug Stable APIs|Any CPU
		{EE405166-276B-486B-A7C6-D3E5BE2BBB6C}.Release Experimental APIs|Any CPU.ActiveCfg = Release Experimental APIs|Any CPU
		{EE405166-276B-486B-A7C6-D3E5BE2BBB6C}.Release Experimental APIs|Any CPU.Build.0 = Release Experimental APIs|Any CPU
		{EE405166-276B-486B-A7C6-D3E5BE2BBB6C}.Release Stable APIs|Any CPU.ActiveCfg = Release Stable APIs|Any CPU
		{EE405166-276B-486B-A7C6-D3E5BE2BBB6C}.Release Stable APIs|Any CPU.Build.0 = Release Stable APIs|Any CPU
	EndGlobalSection
	GlobalSection(SolutionProperties) = preSolution
		HideSolutionNode = FALSE
	EndGlobalSection
	GlobalSection(ExtensibilityGlobals) = postSolution
		SolutionGuid = {D67C87AC-0755-417B-837B-CF60986F29DF}
	EndGlobalSection
EndGlobal
