
Microsoft Visual Studio Solution File, Format Version 12.00
# Visual Studio Version 16
VisualStudioVersion = 16.0.30204.135
MinimumVisualStudioVersion = 10.0.40219.1
Project("{FAE04EC0-301F-11D3-BF4B-00C04F79EFBC}") = "WPFSample", "WPFSample.csproj", "{7F520883-A7EE-4834-BE8D-DF7293B4A2A9}"
EndProject
Global
	GlobalSection(SolutionConfigurationPlatforms) = preSolution
		Debug|Any CPU = Debug|Any CPU
		Release|Any CPU = Release|Any CPU
	EndGlobalSection
	GlobalSection(ProjectConfigurationPlatforms) = postSolution
		{7F520883-A7EE-4834-BE8D-DF7293B4A2A9}.Debug|Any CPU.ActiveCfg = Debug|Any CPU
		{7F520883-A7EE-4834-BE8D-DF7293B4A2A9}.Debug|Any CPU.Build.0 = Debug|Any CPU
		{7F520883-A7EE-4834-BE8D-DF7293B4A2A9}.Release|Any CPU.ActiveCfg = Release|Any CPU
		{7F520883-A7EE-4834-BE8D-DF7293B4A2A9}.Release|Any CPU.Build.0 = Release|Any CPU
	EndGlobalSection
	GlobalSection(SolutionProperties) = preSolution
		HideSolutionNode = FALSE
	EndGlobalSection
	GlobalSection(ExtensibilityGlobals) = postSolution
		SolutionGuid = {78497C18-B95E-4A20-AB81-FE52C352D981}
	EndGlobalSection
EndGlobal
