
Microsoft Visual Studio Solution File, Format Version 12.00
# Visual Studio Version 16
VisualStudioVersion = 16.0.30225.117
MinimumVisualStudioVersion = 10.0.40219.1
Project("{FAE04EC0-301F-11D3-BF4B-00C04F79EFBC}") = "WinForms_GettingStarted", "WinForms_GettingStarted.csproj", "{02C8AF1B-D7D6-4C2E-9060-544DA388E0A9}"
EndProject
Global
	GlobalSection(SolutionConfigurationPlatforms) = preSolution
		Debug|Any CPU = Debug|Any CPU
		Release|Any CPU = Release|Any CPU
	EndGlobalSection
	GlobalSection(ProjectConfigurationPlatforms) = postSolution
		{02C8AF1B-D7D6-4C2E-9060-544DA388E0A9}.Debug|Any CPU.ActiveCfg = Debug|Any CPU
		{02C8AF1B-D7D6-4C2E-9060-544DA388E0A9}.Debug|Any CPU.Build.0 = Debug|Any CPU
		{02C8AF1B-D7D6-4C2E-9060-544DA388E0A9}.Release|Any CPU.ActiveCfg = Release|Any CPU
		{02C8AF1B-D7D6-4C2E-9060-544DA388E0A9}.Release|Any CPU.Build.0 = Release|Any CPU
	EndGlobalSection
	GlobalSection(SolutionProperties) = preSolution
		HideSolutionNode = FALSE
	EndGlobalSection
	GlobalSection(ExtensibilityGlobals) = postSolution
		SolutionGuid = {A3483365-48DC-4E32-97C2-21B107DC12A2}
	EndGlobalSection
EndGlobal
